
Microsoft Visual Studio Solution File, Format Version 12.00
# Visual Studio Version 17
VisualStudioVersion = 17.7.34003.232
MinimumVisualStudioVersion = 10.0.40219.1
Project("{FAE04EC0-301F-11D3-BF4B-00C04F79EFBC}") = "FormRenkDegistirme", "FormRenkDegistirme\FormRenkDegistirme.csproj", "{99A025A2-0301-4EF0-9449-04428E9D838B}"
EndProject
Global
	GlobalSection(SolutionConfigurationPlatforms) = preSolution
		Debug|Any CPU = Debug|Any CPU
		Release|Any CPU = Release|Any CPU
	EndGlobalSection
	GlobalSection(ProjectConfigurationPlatforms) = postSolution
		{99A025A2-0301-4EF0-9449-04428E9D838B}.Debug|Any CPU.ActiveCfg = Debug|Any CPU
		{99A025A2-0301-4EF0-9449-04428E9D838B}.Debug|Any CPU.Build.0 = Debug|Any CPU
		{99A025A2-0301-4EF0-9449-04428E9D838B}.Release|Any CPU.ActiveCfg = Release|Any CPU
		{99A025A2-0301-4EF0-9449-04428E9D838B}.Release|Any CPU.Build.0 = Release|Any CPU
	EndGlobalSection
	GlobalSection(SolutionProperties) = preSolution
		HideSolutionNode = FALSE
	EndGlobalSection
	GlobalSection(ExtensibilityGlobals) = postSolution
		SolutionGuid = {0BB35957-4C8F-4981-91C5-8B6918427FCF}
	EndGlobalSection
EndGlobal
